
Microsoft Visual Studio Solution File, Format Version 12.00
# Visual Studio 2013
VisualStudioVersion = 12.0.21005.1
MinimumVisualStudioVersion = 10.0.40219.1
Project("{FAE04EC0-301F-11D3-BF4B-00C04F79EFBC}") = "Web", "Web\Web.csproj", "{872B7F97-71EF-45CD-8FC6-D1BE527A84EB}"
EndProject
Project("{2150E333-8FDC-42A3-9474-1A3956D46DE8}") = "Employer", "Employer", "{A70C3E08-2AC8-44B5-91A2-FCAECDBF484C}"
EndProject
Project("{2150E333-8FDC-42A3-9474-1A3956D46DE8}") = "Model", "Model", "{0FD28079-B1BC-4E43-A341-29470C5CF6F7}"
EndProject
Project("{FAE04EC0-301F-11D3-BF4B-00C04F79EFBC}") = "ClassLibrary", "ClassLibrary\ClassLibrary.csproj", "{0F0123CB-629B-4925-AFF5-AD7920CC539D}"
EndProject
Project("{FAE04EC0-301F-11D3-BF4B-00C04F79EFBC}") = "ConsoleApp", "ConsoleApp\ConsoleApp.csproj", "{456F31EB-77E3-4AC9-9345-36B2C0793703}"
EndProject
Project("{FAE04EC0-301F-11D3-BF4B-00C04F79EFBC}") = "WebNN", "WebNN\WebNN.csproj", "{87A0B5C9-524E-44E0-A5B0-0E48D4904CBD}"
EndProject
Project("{2150E333-8FDC-42A3-9474-1A3956D46DE8}") = "WebMVC", "WebMVC", "{62F3FC00-08C8-4E65-9A30-E85A7005C658}"
EndProject
Project("{FAE04EC0-301F-11D3-BF4B-00C04F79EFBC}") = "WebMVC", "WebMVC\WebMVC.csproj", "{953AC82C-1975-4B50-88FF-54ADE7DE2499}"
EndProject
Project("{FAE04EC0-301F-11D3-BF4B-00C04F79EFBC}") = "WebDKT", "WebDKT\WebDKT.csproj", "{D9462D4D-E337-4F05-BBC3-9947E446CE3B}"
EndProject
Global
	GlobalSection(SolutionConfigurationPlatforms) = preSolution
		Debug|Any CPU = Debug|Any CPU
		Release|Any CPU = Release|Any CPU
	EndGlobalSection
	GlobalSection(ProjectConfigurationPlatforms) = postSolution
		{872B7F97-71EF-45CD-8FC6-D1BE527A84EB}.Debug|Any CPU.ActiveCfg = Debug|Any CPU
		{872B7F97-71EF-45CD-8FC6-D1BE527A84EB}.Debug|Any CPU.Build.0 = Debug|Any CPU
		{872B7F97-71EF-45CD-8FC6-D1BE527A84EB}.Release|Any CPU.ActiveCfg = Release|Any CPU
		{872B7F97-71EF-45CD-8FC6-D1BE527A84EB}.Release|Any CPU.Build.0 = Release|Any CPU
		{0F0123CB-629B-4925-AFF5-AD7920CC539D}.Debug|Any CPU.ActiveCfg = Debug|Any CPU
		{0F0123CB-629B-4925-AFF5-AD7920CC539D}.Debug|Any CPU.Build.0 = Debug|Any CPU
		{0F0123CB-629B-4925-AFF5-AD7920CC539D}.Release|Any CPU.ActiveCfg = Release|Any CPU
		{0F0123CB-629B-4925-AFF5-AD7920CC539D}.Release|Any CPU.Build.0 = Release|Any CPU
		{456F31EB-77E3-4AC9-9345-36B2C0793703}.Debug|Any CPU.ActiveCfg = Debug|Any CPU
		{456F31EB-77E3-4AC9-9345-36B2C0793703}.Debug|Any CPU.Build.0 = Debug|Any CPU
		{456F31EB-77E3-4AC9-9345-36B2C0793703}.Release|Any CPU.ActiveCfg = Release|Any CPU
		{456F31EB-77E3-4AC9-9345-36B2C0793703}.Release|Any CPU.Build.0 = Release|Any CPU
		{87A0B5C9-524E-44E0-A5B0-0E48D4904CBD}.Debug|Any CPU.ActiveCfg = Debug|Any CPU
		{87A0B5C9-524E-44E0-A5B0-0E48D4904CBD}.Debug|Any CPU.Build.0 = Debug|Any CPU
		{87A0B5C9-524E-44E0-A5B0-0E48D4904CBD}.Release|Any CPU.ActiveCfg = Release|Any CPU
		{87A0B5C9-524E-44E0-A5B0-0E48D4904CBD}.Release|Any CPU.Build.0 = Release|Any CPU
		{953AC82C-1975-4B50-88FF-54ADE7DE2499}.Debug|Any CPU.ActiveCfg = Debug|Any CPU
		{953AC82C-1975-4B50-88FF-54ADE7DE2499}.Debug|Any CPU.Build.0 = Debug|Any CPU
		{953AC82C-1975-4B50-88FF-54ADE7DE2499}.Release|Any CPU.ActiveCfg = Release|Any CPU
		{953AC82C-1975-4B50-88FF-54ADE7DE2499}.Release|Any CPU.Build.0 = Release|Any CPU
		{D9462D4D-E337-4F05-BBC3-9947E446CE3B}.Debug|Any CPU.ActiveCfg = Debug|Any CPU
		{D9462D4D-E337-4F05-BBC3-9947E446CE3B}.Debug|Any CPU.Build.0 = Debug|Any CPU
		{D9462D4D-E337-4F05-BBC3-9947E446CE3B}.Release|Any CPU.ActiveCfg = Release|Any CPU
		{D9462D4D-E337-4F05-BBC3-9947E446CE3B}.Release|Any CPU.Build.0 = Release|Any CPU
	EndGlobalSection
	GlobalSection(SolutionProperties) = preSolution
		HideSolutionNode = FALSE
	EndGlobalSection
	GlobalSection(NestedProjects) = preSolution
		{87A0B5C9-524E-44E0-A5B0-0E48D4904CBD} = {A70C3E08-2AC8-44B5-91A2-FCAECDBF484C}
		{D9462D4D-E337-4F05-BBC3-9947E446CE3B} = {A70C3E08-2AC8-44B5-91A2-FCAECDBF484C}
		{0F0123CB-629B-4925-AFF5-AD7920CC539D} = {0FD28079-B1BC-4E43-A341-29470C5CF6F7}
		{456F31EB-77E3-4AC9-9345-36B2C0793703} = {0FD28079-B1BC-4E43-A341-29470C5CF6F7}
		{953AC82C-1975-4B50-88FF-54ADE7DE2499} = {62F3FC00-08C8-4E65-9A30-E85A7005C658}
	EndGlobalSection
EndGlobal
